dependencies:
  esp_diag_data_store:
    dependencies: []
    source:
      path: /Users/lvh/Desktop/book-567/device_firmware/esp-insights-main/components/esp_diag_data_store
      type: local
    version: 1.1.0
  esp_diagnostics:
    dependencies: []
    source:
      path: /Users/lvh/Desktop/book-567/device_firmware/esp-insights-main/components/esp_diagnostics
      type: local
    version: 1.3.0
  esp_insights:
    dependencies: []
    source:
      path: /Users/lvh/Desktop/book-567/device_firmware/esp-insights-main/components/esp_insights
      type: local
    version: 1.3.1
  espressif/cbor:
    component_hash: dad9ca860963e930366510a10b422b3125a4fb27b979712ed65efcbcd742de50
    dependencies:
    - name: idf
      require: private
      version: '>=5.0'
    source:
      registry_url: https://components.espressif.com/
      type: service
    version: 0.6.1~4
  espressif/esp-serial-flasher:
    component_hash: 279ac9b137499bc21d383e00b22c2d5a3324ce55b4cc341c7f0ef55f12c668e7
    dependencies:
    - name: idf
      require: private
      version: '>=4.3'
    - name: espressif/usb_host_cdc_acm
      registry_url: https://components.espressif.com
      require: private
      rules:
      - if: idf_version >=4.4
      - if: target in [esp32s2, esp32s3, esp32p4]
      version: ^2
    - name: espressif/usb_host_ch34x_vcp
      registry_url: https://components.espressif.com
      require: private
      rules:
      - if: idf_version >=4.4
      - if: target in [esp32s2, esp32s3, esp32p4]
      version: ^2.2
    - name: espressif/usb_host_cp210x_vcp
      registry_url: https://components.espressif.com
      require: private
      rules:
      - if: idf_version >=4.4
      - if: target in [esp32s2, esp32s3, esp32p4]
      version: ^2.2
    source:
      registry_url: https://components.espressif.com
      type: service
    version: 1.10.0
  espressif/esp_daylight:
    component_hash: e27629eb7e12da9e6d01c646e0e4ce6358b977b6f89d4f291a4cc1aea755af94
    dependencies:
    - name: idf
      require: private
      version: '>=5.1'
    source:
      registry_url: https://components.espressif.com/
      type: service
    version: 1.0.1
  espressif/esp_rainmaker:
    dependencies:
    - name: idf
      version: '>=5.1'
    - name: espressif/mdns
      version: ^1.2.0
    - name: espressif/esp_secure_cert_mgr
      version: ^2.2.1
    - name: espressif/rmaker_common
      version: ~1.5.0
    - name: espressif/json_parser
      version: ~1.0.3
    - name: espressif/json_generator
      version: ~1.1.1
    - name: espressif/esp_schedule
      override_path: ../esp_schedule
      version: ~1.3.1
    - name: wifi_provisioning
      path: ${IDF_PATH}/components/wifi_provisioning
    - name: espressif/esp_rcp_update
      version: ^1.2.0
    - name: espressif/cbor
      version: ~0.6
    source:
      path: /Users/lvh/Desktop/book-567/device_firmware/esp-rainmaker-master/components/esp_rainmaker
      type: local
    version: 1.7.6
  espressif/esp_rcp_update:
    component_hash: 9c9ad7941d159764f656e20d12ef6e343d178f977582a72c753b4190a6bba2a0
    dependencies:
    - name: espressif/esp-serial-flasher
      registry_url: https://components.espressif.com
      require: private
      version: ^1.8.0
    - name: idf
      require: private
      version: '>=5.0'
    source:
      registry_url: https://components.espressif.com/
      type: service
    version: 1.5.1
  espressif/esp_schedule:
    dependencies:
    - name: idf
      version: '>=5.1'
    - name: espressif/rmaker_common
      version: ~1.5.0
    - name: espressif/esp_daylight
      version: ~1.0.1
    source:
      path: /Users/lvh/Desktop/book-567/device_firmware/esp-rainmaker-master/components/esp_schedule
      type: local
    version: 1.3.1
  espressif/esp_secure_cert_mgr:
    component_hash: d5d773260a965bffa8146f6c8d8620dc60dc656a9108be337155f478703d984e
    dependencies:
    - name: idf
      require: private
      version: '>=4.3'
    source:
      registry_url: https://components.espressif.com/
      type: service
    version: 2.7.1
  espressif/jsmn:
    component_hash: d80350c41bbaa827c98a25b6072df00884e72f54885996fab4a4f0aebce6b6c3
    dependencies:
    - name: idf
      require: private
      version: '>=4.3'
    source:
      registry_url: https://components.espressif.com
      type: service
    version: 1.1.0
  espressif/json_generator:
    component_hash: 45033e1c199b13f1c8c1b544fb7d4e2df6a8e3071ebdcb1b22582b61a7974ff2
    dependencies: []
    source:
      registry_url: https://components.espressif.com/
      type: service
    version: 1.1.2
  espressif/json_parser:
    component_hash: d74b81729ad06ec11ff5eb5b1b0d7df1d00e6027fc11471f4b139c70dcf1b1e4
    dependencies:
    - name: espressif/jsmn
      registry_url: https://components.espressif.com
      require: private
      rules:
      - if: idf_version >=5.0
      version: ~1.1
    source:
      registry_url: https://components.espressif.com/
      type: service
    version: 1.0.3
  espressif/mdns:
    component_hash: 5c148bc0996305bcf111c465bba021a8155d4247b0d9353c39da9b44a91ca381
    dependencies:
    - name: idf
      require: private
      version: '>=5.0'
    source:
      registry_url: https://components.espressif.com/
      type: service
    version: 1.9.0
  espressif/qrcode:
    component_hash: 3b493771bc5d6ad30cbf87c25bf784aada8a08c941504355b55d6b75518ed7bc
    dependencies: []
    source:
      registry_url: https://components.espressif.com/
      type: service
    version: 0.1.0~2
  espressif/rmaker_common:
    component_hash: 842d2aaf486a24f11827a86b1147ee8ac7e1881f45e3d65a2141aff5bcbf276a
    dependencies:
    - name: idf
      require: private
      version: '>=5.1'
    source:
      registry_url: https://components.espressif.com/
      type: service
    version: 1.5.3
  idf:
    source:
      type: idf
    version: 5.5.0
  wifi_provisioning:
    dependencies: []
    source:
      path: /Users/lvh/esp/esp-idf-v5.5/components/wifi_provisioning
      type: local
    version: '*'
direct_dependencies:
- espressif/cbor
- espressif/esp_daylight
- espressif/esp_diag_data_store
- espressif/esp_diagnostics
- espressif/esp_insights
- espressif/esp_rainmaker
- espressif/esp_rcp_update
- espressif/esp_schedule
- espressif/esp_secure_cert_mgr
- espressif/json_generator
- espressif/json_parser
- espressif/mdns
- espressif/qrcode
- espressif/rmaker_common
- idf
- wifi_provisioning
manifest_hash: 9c8b4e975abe91e54495e3fa1582117fca7826d38e6757e146395450b61e4618
target: esp32c3
version: 2.0.0
